
Microsoft Visual Studio Solution File, Format Version 12.00
# Visual Studio Version 17
VisualStudioVersion = 17.5.002.0
MinimumVisualStudioVersion = 10.0.40219.1
Project("{9A19103F-16F7-4668-BE54-9A1E7A4F7556}") = "dateTime-ve-math_siniflari", "dateTime-ve-math_siniflari.csproj", "{5F7AA711-47F8-41BA-9643-CCACF62A281A}"
EndProject
Global
	GlobalSection(SolutionConfigurationPlatforms) = preSolution
		Debug|Any CPU = Debug|Any CPU
		Release|Any CPU = Release|Any CPU
	EndGlobalSection
	GlobalSection(ProjectConfigurationPlatforms) = postSolution
		{5F7AA711-47F8-41BA-9643-CCACF62A281A}.Debug|Any CPU.ActiveCfg = Debug|Any CPU
		{5F7AA711-47F8-41BA-9643-CCACF62A281A}.Debug|Any CPU.Build.0 = Debug|Any CPU
		{5F7AA711-47F8-41BA-9643-CCACF62A281A}.Release|Any CPU.ActiveCfg = Release|Any CPU
		{5F7AA711-47F8-41BA-9643-CCACF62A281A}.Release|Any CPU.Build.0 = Release|Any CPU
	EndGlobalSection
	GlobalSection(SolutionProperties) = preSolution
		HideSolutionNode = FALSE
	EndGlobalSection
	GlobalSection(ExtensibilityGlobals) = postSolution
		SolutionGuid = {5B38CDB1-4245-4974-B682-AF644D2380D3}
	EndGlobalSection
EndGlobal
